{
  "nodes": {
    "core": {
      "inputs": {
        "disko": "disko",
        "home-manager": "home-manager",
        "home-manager-unstable": "home-manager-unstable",
        "nixpkgs": "nixpkgs",
        "nixpkgs-unstable": "nixpkgs-unstable"
      },
      "locked": {
        "path": "./core",
        "type": "path"
      },
      "original": {
        "path": "./core",
        "type": "path"
      },
      "parent": []
    },
    "disko": {
      "inputs": {
        "nixpkgs": [
          "core",
          "nixpkgs"
        ]
      },
      "locked": {
        "lastModified": 1746728054,
        "narHash": "sha256-eDoSOhxGEm2PykZFa/x9QG5eTH0MJdiJ9aR00VAofXE=",
        "ref": "refs/tags/latest",
        "rev": "ff442f5d1425feb86344c028298548024f21256d",
        "revCount": 1236,
        "type": "git",
        "url": "https://git.azey.net/mirrors/nix-community--disko"
      },
      "original": {
        "ref": "refs/tags/latest",
        "type": "git",
        "url": "https://git.azey.net/mirrors/nix-community--disko"
      }
    },
    "home-manager": {
      "inputs": {
        "nixpkgs": [
          "core",
          "nixpkgs"
        ]
      },
      "locked": {
        "lastModified": 1767780135,
        "narHash": "sha256-5SbmsLMgxzPd9YMbFR4IHfOXv6bjWs+dfl6IbSq3r7s=",
        "ref": "release-25.11",
        "rev": "c08430923ed417abc653884328a39e98496cfd0f",
        "revCount": 5850,
        "type": "git",
        "url": "https://git.azey.net/mirrors/nix-community--home-manager"
      },
      "original": {
        "ref": "release-25.11",
        "type": "git",
        "url": "https://git.azey.net/mirrors/nix-community--home-manager"
      }
    },
    "home-manager-unstable": {
      "inputs": {
        "nixpkgs": [
          "core",
          "nixpkgs-unstable"
        ]
      },
      "locked": {
        "lastModified": 1767811801,
        "narHash": "sha256-QICeGwbXfqtaOZmgh6BrSBB72drPuHO3pjuyh+x8eIY=",
        "ref": "master",
        "rev": "c068188a8e5c277f7bc8671557a7568864b57515",
        "revCount": 6018,
        "type": "git",
        "url": "https://git.azey.net/mirrors/nix-community--home-manager"
      },
      "original": {
        "ref": "master",
        "type": "git",
        "url": "https://git.azey.net/mirrors/nix-community--home-manager"
      }
    },
    "nixpkgs": {
      "locked": {
        "lastModified": 1765311797,
        "narHash": "sha256-mSD5Ob7a+T2RNjvPvOA1dkJHGVrNVl8ZOrAwBjKBDQo=",
        "ref": "nixos-25.11",
        "rev": "09eb77e94fa25202af8f3e81ddc7353d9970ac1b",
        "shallow": true,
        "type": "git",
        "url": "https://git.azey.net/mirrors/NixOS--nixpkgs"
      },
      "original": {
        "ref": "nixos-25.11",
        "shallow": true,
        "type": "git",
        "url": "https://git.azey.net/mirrors/NixOS--nixpkgs"
      }
    },
    "nixpkgs-unstable": {
      "locked": {
        "lastModified": 1765186076,
        "narHash": "sha256-hM20uyap1a0M9d344I692r+ik4gTMyj60cQWO+hAYP8=",
        "ref": "nixos-unstable",
        "rev": "addf7cf5f383a3101ecfba091b98d0a1263dc9b8",
        "shallow": true,
        "type": "git",
        "url": "https://git.azey.net/mirrors/NixOS--nixpkgs"
      },
      "original": {
        "ref": "nixos-unstable",
        "shallow": true,
        "type": "git",
        "url": "https://git.azey.net/mirrors/NixOS--nixpkgs"
      }
    },
    "root": {
      "inputs": {
        "core": "core"
      }
    }
  },
  "root": "root",
  "version": 7
}
