{
  "nodes": {
    "core": {
      "inputs": {
        "disko": "disko",
        "home-manager": "home-manager",
        "home-manager-unstable": "home-manager-unstable",
        "nixpkgs": "nixpkgs",
        "nixpkgs-unstable": "nixpkgs-unstable"
      },
      "locked": {
        "path": "./core",
        "type": "path"
      },
      "original": {
        "path": "./core",
        "type": "path"
      },
      "parent": []
    },
    "disko": {
      "inputs": {
        "nixpkgs": [
          "core",
          "nixpkgs"
        ]
      },
      "locked": {
        "lastModified": 1746728054,
        "narHash": "sha256-eDoSOhxGEm2PykZFa/x9QG5eTH0MJdiJ9aR00VAofXE=",
        "ref": "refs/tags/latest",
        "rev": "ff442f5d1425feb86344c028298548024f21256d",
        "revCount": 1236,
        "type": "git",
        "url": "https://git.azey.net/mirrors/nix-community--disko"
      },
      "original": {
        "ref": "refs/tags/latest",
        "type": "git",
        "url": "https://git.azey.net/mirrors/nix-community--disko"
      }
    },
    "home-manager": {
      "inputs": {
        "nixpkgs": [
          "core",
          "nixpkgs"
        ]
      },
      "locked": {
        "lastModified": 1767850628,
        "narHash": "sha256-D3QzdIT11J66I4mzwmIpAGLzPAcbCS2VaKN8fmOe6+E=",
        "ref": "release-25.11",
        "rev": "8c8a16d41353a174767c38b962359b51a56ca02e",
        "revCount": 5851,
        "type": "git",
        "url": "https://git.azey.net/mirrors/nix-community--home-manager"
      },
      "original": {
        "ref": "release-25.11",
        "type": "git",
        "url": "https://git.azey.net/mirrors/nix-community--home-manager"
      }
    },
    "home-manager-unstable": {
      "inputs": {
        "nixpkgs": [
          "core",
          "nixpkgs-unstable"
        ]
      },
      "locked": {
        "lastModified": 1767907804,
        "narHash": "sha256-wXXlt0jWooPM6zYgmKiyir/N24ctvDilcYky48uCQrc=",
        "ref": "master",
        "rev": "2be878259a09359b14c082cf1af5d974fb6a809b",
        "revCount": 6056,
        "type": "git",
        "url": "https://git.azey.net/mirrors/nix-community--home-manager"
      },
      "original": {
        "ref": "master",
        "type": "git",
        "url": "https://git.azey.net/mirrors/nix-community--home-manager"
      }
    },
    "nixpkgs": {
      "locked": {
        "lastModified": 1765311797,
        "narHash": "sha256-mSD5Ob7a+T2RNjvPvOA1dkJHGVrNVl8ZOrAwBjKBDQo=",
        "ref": "nixos-25.11",
        "rev": "09eb77e94fa25202af8f3e81ddc7353d9970ac1b",
        "shallow": true,
        "type": "git",
        "url": "https://git.azey.net/mirrors/NixOS--nixpkgs"
      },
      "original": {
        "ref": "nixos-25.11",
        "shallow": true,
        "type": "git",
        "url": "https://git.azey.net/mirrors/NixOS--nixpkgs"
      }
    },
    "nixpkgs-unstable": {
      "locked": {
        "lastModified": 1765186076,
        "narHash": "sha256-hM20uyap1a0M9d344I692r+ik4gTMyj60cQWO+hAYP8=",
        "ref": "nixos-unstable",
        "rev": "addf7cf5f383a3101ecfba091b98d0a1263dc9b8",
        "shallow": true,
        "type": "git",
        "url": "https://git.azey.net/mirrors/NixOS--nixpkgs"
      },
      "original": {
        "ref": "nixos-unstable",
        "shallow": true,
        "type": "git",
        "url": "https://git.azey.net/mirrors/NixOS--nixpkgs"
      }
    },
    "root": {
      "inputs": {
        "core": "core"
      }
    }
  },
  "root": "root",
  "version": 7
}
