{
  "nodes": {
    "core": {
      "inputs": {
        "disko": "disko",
        "home-manager": "home-manager",
        "home-manager-unstable": "home-manager-unstable",
        "nixpkgs": "nixpkgs",
        "nixpkgs-unstable": "nixpkgs-unstable"
      },
      "locked": {
        "path": "./core",
        "type": "path"
      },
      "original": {
        "path": "./core",
        "type": "path"
      },
      "parent": []
    },
    "disko": {
      "inputs": {
        "nixpkgs": [
          "core",
          "nixpkgs"
        ]
      },
      "locked": {
        "lastModified": 1746728054,
        "narHash": "sha256-eDoSOhxGEm2PykZFa/x9QG5eTH0MJdiJ9aR00VAofXE=",
        "ref": "refs/tags/latest",
        "rev": "ff442f5d1425feb86344c028298548024f21256d",
        "revCount": 1236,
        "type": "git",
        "url": "https://git.azey.net/mirrors/nix-community--disko"
      },
      "original": {
        "ref": "refs/tags/latest",
        "type": "git",
        "url": "https://git.azey.net/mirrors/nix-community--disko"
      }
    },
    "home-manager": {
      "inputs": {
        "nixpkgs": [
          "core",
          "nixpkgs"
        ]
      },
      "locked": {
        "lastModified": 1758463745,
        "narHash": "sha256-uhzsV0Q0I9j2y/rfweWeGif5AWe0MGrgZ/3TjpDYdGA=",
        "ref": "release-25.05",
        "rev": "3b955f5f0a942f9f60cdc9cacb7844335d0f21c3",
        "revCount": 4813,
        "type": "git",
        "url": "https://git.azey.net/mirrors/nix-community--home-manager"
      },
      "original": {
        "ref": "release-25.05",
        "type": "git",
        "url": "https://git.azey.net/mirrors/nix-community--home-manager"
      }
    },
    "home-manager-unstable": {
      "inputs": {
        "nixpkgs": [
          "core",
          "nixpkgs-unstable"
        ]
      },
      "locked": {
        "lastModified": 1763416652,
        "narHash": "sha256-8EBEEvtzQ11LCxpQHMNEBQAGtQiCu/pqP9zSovDSbNM=",
        "ref": "master",
        "rev": "ea164b7c9ccdc2321379c2ff78fd4317b4c41312",
        "revCount": 5786,
        "type": "git",
        "url": "https://git.azey.net/mirrors/nix-community--home-manager"
      },
      "original": {
        "ref": "master",
        "type": "git",
        "url": "https://git.azey.net/mirrors/nix-community--home-manager"
      }
    },
    "nixpkgs": {
      "locked": {
        "lastModified": 1763334038,
        "narHash": "sha256-LBVOyaH6NFzQ3X/c6vfMZ9k4SV2ofhpxeL9YnhHNJQQ=",
        "ref": "nixos-25.05",
        "rev": "4c8cdd5b1a630e8f72c9dd9bf582b1afb3127d2c",
        "shallow": true,
        "type": "git",
        "url": "https://git.azey.net/mirrors/NixOS--nixpkgs"
      },
      "original": {
        "ref": "nixos-25.05",
        "shallow": true,
        "type": "git",
        "url": "https://git.azey.net/mirrors/NixOS--nixpkgs"
      }
    },
    "nixpkgs-unstable": {
      "locked": {
        "lastModified": 1763421233,
        "narHash": "sha256-Stk9ZYRkGrnnpyJ4eqt9eQtdFWRRIvMxpNRf4sIegnw=",
        "ref": "nixos-unstable",
        "rev": "89c2b2330e733d6cdb5eae7b899326930c2c0648",
        "shallow": true,
        "type": "git",
        "url": "https://git.azey.net/mirrors/NixOS--nixpkgs"
      },
      "original": {
        "ref": "nixos-unstable",
        "shallow": true,
        "type": "git",
        "url": "https://git.azey.net/mirrors/NixOS--nixpkgs"
      }
    },
    "root": {
      "inputs": {
        "core": "core"
      }
    }
  },
  "root": "root",
  "version": 7
}
